
Microsoft Visual Studio Solution File, Format Version 12.00
# Visual Studio Version 17
VisualStudioVersion = 17.10.34928.147
MinimumVisualStudioVersion = 10.0.40219.1
Project("{9A19103F-16F7-4668-BE54-9A1E7A4F7556}") = "FizzBuzz", "FizzBuzz\FizzBuzz.csproj", "{08ED999E-3CE3-42B1-BAC8-53125992D6CC}"
EndProject
Project("{9A19103F-16F7-4668-BE54-9A1E7A4F7556}") = "FizzBuzz.Tests", "NUnit Test Project\FizzBuzz.Tests.csproj", "{DD5F1F14-9D27-4BC3-A689-32CDDD6DC416}"
EndProject
Global
	GlobalSection(SolutionConfigurationPlatforms) = preSolution
		Debug|Any CPU = Debug|Any CPU
		Release|Any CPU = Release|Any CPU
	EndGlobalSection
	GlobalSection(ProjectConfigurationPlatforms) = postSolution
		{08ED999E-3CE3-42B1-BAC8-53125992D6CC}.Debug|Any CPU.ActiveCfg = Debug|Any CPU
		{08ED999E-3CE3-42B1-BAC8-53125992D6CC}.Debug|Any CPU.Build.0 = Debug|Any CPU
		{08ED999E-3CE3-42B1-BAC8-53125992D6CC}.Release|Any CPU.ActiveCfg = Release|Any CPU
		{08ED999E-3CE3-42B1-BAC8-53125992D6CC}.Release|Any CPU.Build.0 = Release|Any CPU
		{DD5F1F14-9D27-4BC3-A689-32CDDD6DC416}.Debug|Any CPU.ActiveCfg = Debug|Any CPU
		{DD5F1F14-9D27-4BC3-A689-32CDDD6DC416}.Debug|Any CPU.Build.0 = Debug|Any CPU
		{DD5F1F14-9D27-4BC3-A689-32CDDD6DC416}.Release|Any CPU.ActiveCfg = Release|Any CPU
		{DD5F1F14-9D27-4BC3-A689-32CDDD6DC416}.Release|Any CPU.Build.0 = Release|Any CPU
	EndGlobalSection
	GlobalSection(SolutionProperties) = preSolution
		HideSolutionNode = FALSE
	EndGlobalSection
	GlobalSection(ExtensibilityGlobals) = postSolution
		SolutionGuid = {6B9A7963-DFE5-48F0-9417-FFA29C83EBD9}
	EndGlobalSection
EndGlobal
